
Microsoft Visual Studio Solution File, Format Version 12.00
# Visual Studio Version 16
VisualStudioVersion = 16.0.29519.87
MinimumVisualStudioVersion = 10.0.40219.1
Project("{FAE04EC0-301F-11D3-BF4B-00C04F79EFBC}") = "56BALLOV", "56BALLOV\56BALLOV.csproj", "{76A4E94A-DC25-4FFD-9136-861E5248A9B8}"
EndProject
Global
	GlobalSection(SolutionConfigurationPlatforms) = preSolution
		Debug|Any CPU = Debug|Any CPU
		Release|Any CPU = Release|Any CPU
	EndGlobalSection
	GlobalSection(ProjectConfigurationPlatforms) = postSolution
		{76A4E94A-DC25-4FFD-9136-861E5248A9B8}.Debug|Any CPU.ActiveCfg = Debug|Any CPU
		{76A4E94A-DC25-4FFD-9136-861E5248A9B8}.Debug|Any CPU.Build.0 = Debug|Any CPU
		{76A4E94A-DC25-4FFD-9136-861E5248A9B8}.Release|Any CPU.ActiveCfg = Release|Any CPU
		{76A4E94A-DC25-4FFD-9136-861E5248A9B8}.Release|Any CPU.Build.0 = Release|Any CPU
	EndGlobalSection
	GlobalSection(SolutionProperties) = preSolution
		HideSolutionNode = FALSE
	EndGlobalSection
	GlobalSection(ExtensibilityGlobals) = postSolution
		SolutionGuid = {326ABA2D-8F65-4220-BF24-4EFE672EF20F}
	EndGlobalSection
EndGlobal
