
Microsoft Visual Studio Solution File, Format Version 12.00
Project("{F2A71F9B-5D33-465A-A702-920D77279786}") = "CalculatorOnF", "CalculatorOnF\CalculatorOnF.fsproj", "{761D109B-253B-4EF8-B776-7BFE816BCA03}"
EndProject
Global
	GlobalSection(SolutionConfigurationPlatforms) = preSolution
		Debug|Any CPU = Debug|Any CPU
		Release|Any CPU = Release|Any CPU
	EndGlobalSection
	GlobalSection(ProjectConfigurationPlatforms) = postSolution
		{761D109B-253B-4EF8-B776-7BFE816BCA03}.Debug|Any CPU.ActiveCfg = Debug|Any CPU
		{761D109B-253B-4EF8-B776-7BFE816BCA03}.Debug|Any CPU.Build.0 = Debug|Any CPU
		{761D109B-253B-4EF8-B776-7BFE816BCA03}.Release|Any CPU.ActiveCfg = Release|Any CPU
		{761D109B-253B-4EF8-B776-7BFE816BCA03}.Release|Any CPU.Build.0 = Release|Any CPU
	EndGlobalSection
EndGlobal
